
Microsoft Visual Studio Solution File, Format Version 12.00
# Visual Studio Version 17
VisualStudioVersion = 17.11.35219.272
MinimumVisualStudioVersion = 10.0.40219.1
Project("{FAE04EC0-301F-11D3-BF4B-00C04F79EFBC}") = "JwtNetAngular", "JwtNetAngular\JwtNetAngular.csproj", "{2E3E36AB-FB64-4526-A81F-2439C0A9AFB8}"
EndProject
Global
	GlobalSection(SolutionConfigurationPlatforms) = preSolution
		Debug|Any CPU = Debug|Any CPU
		Release|Any CPU = Release|Any CPU
	EndGlobalSection
	GlobalSection(ProjectConfigurationPlatforms) = postSolution
		{2E3E36AB-FB64-4526-A81F-2439C0A9AFB8}.Debug|Any CPU.ActiveCfg = Debug|Any CPU
		{2E3E36AB-FB64-4526-A81F-2439C0A9AFB8}.Debug|Any CPU.Build.0 = Debug|Any CPU
		{2E3E36AB-FB64-4526-A81F-2439C0A9AFB8}.Release|Any CPU.ActiveCfg = Release|Any CPU
		{2E3E36AB-FB64-4526-A81F-2439C0A9AFB8}.Release|Any CPU.Build.0 = Release|Any CPU
	EndGlobalSection
	GlobalSection(SolutionProperties) = preSolution
		HideSolutionNode = FALSE
	EndGlobalSection
	GlobalSection(ExtensibilityGlobals) = postSolution
		SolutionGuid = {591C3AD0-3D0F-4F68-8A4D-918338526207}
	EndGlobalSection
EndGlobal
